
Microsoft Visual Studio Solution File, Format Version 12.00
# Visual Studio Version 16
VisualStudioVersion = 16.0.30503.244
MinimumVisualStudioVersion = 10.0.40219.1
Project("{FAE04EC0-301F-11D3-BF4B-00C04F79EFBC}") = "RobotInterface", "RobotInterface\RobotInterface.csproj", "{50848CDD-E031-494F-B8A1-D82640841D83}"
EndProject
Global
	GlobalSection(SolutionConfigurationPlatforms) = preSolution
		Debug|Any CPU = Debug|Any CPU
		Release|Any CPU = Release|Any CPU
	EndGlobalSection
	GlobalSection(ProjectConfigurationPlatforms) = postSolution
		{50848CDD-E031-494F-B8A1-D82640841D83}.Debug|Any CPU.ActiveCfg = Debug|Any CPU
		{50848CDD-E031-494F-B8A1-D82640841D83}.Debug|Any CPU.Build.0 = Debug|Any CPU
		{50848CDD-E031-494F-B8A1-D82640841D83}.Release|Any CPU.ActiveCfg = Release|Any CPU
		{50848CDD-E031-494F-B8A1-D82640841D83}.Release|Any CPU.Build.0 = Release|Any CPU
	EndGlobalSection
	GlobalSection(SolutionProperties) = preSolution
		HideSolutionNode = FALSE
	EndGlobalSection
	GlobalSection(ExtensibilityGlobals) = postSolution
		SolutionGuid = {7EAD61F1-615A-4615-A6C5-B4095B2B5DCA}
	EndGlobalSection
EndGlobal
