
Microsoft Visual Studio Solution File, Format Version 12.00
# Visual Studio Version 16
VisualStudioVersion = 16.0.29009.5
MinimumVisualStudioVersion = 10.0.40219.1
Project("{FAE04EC0-301F-11D3-BF4B-00C04F79EFBC}") = "RobotConsole", "RobotConsole\RobotConsole.csproj", "{A8A0E3DA-EABB-4D32-81FE-342179DEE539}"
EndProject
Project("{FAE04EC0-301F-11D3-BF4B-00C04F79EFBC}") = "RobotWPF", "..\RobotWPF\RobotWPF\RobotWPF.csproj", "{51CC0D89-B43C-4544-9DFB-05C1424CE773}"
EndProject
Project("{FAE04EC0-301F-11D3-BF4B-00C04F79EFBC}") = "ExtendedSerialPort", "..\Library\ExtendedSerialPort\ExtendedSerialPort.csproj", "{21AC599E-E3D5-4181-AA0F-7C2E00CCA016}"
EndProject
Global
	GlobalSection(SolutionConfigurationPlatforms) = preSolution
		Debug|Any CPU = Debug|Any CPU
		Release|Any CPU = Release|Any CPU
	EndGlobalSection
	GlobalSection(ProjectConfigurationPlatforms) = postSolution
		{A8A0E3DA-EABB-4D32-81FE-342179DEE539}.Debug|Any CPU.ActiveCfg = Debug|Any CPU
		{A8A0E3DA-EABB-4D32-81FE-342179DEE539}.Debug|Any CPU.Build.0 = Debug|Any CPU
		{A8A0E3DA-EABB-4D32-81FE-342179DEE539}.Release|Any CPU.ActiveCfg = Release|Any CPU
		{A8A0E3DA-EABB-4D32-81FE-342179DEE539}.Release|Any CPU.Build.0 = Release|Any CPU
		{51CC0D89-B43C-4544-9DFB-05C1424CE773}.Debug|Any CPU.ActiveCfg = Debug|Any CPU
		{51CC0D89-B43C-4544-9DFB-05C1424CE773}.Debug|Any CPU.Build.0 = Debug|Any CPU
		{51CC0D89-B43C-4544-9DFB-05C1424CE773}.Release|Any CPU.ActiveCfg = Release|Any CPU
		{51CC0D89-B43C-4544-9DFB-05C1424CE773}.Release|Any CPU.Build.0 = Release|Any CPU
		{21AC599E-E3D5-4181-AA0F-7C2E00CCA016}.Debug|Any CPU.ActiveCfg = Debug|Any CPU
		{21AC599E-E3D5-4181-AA0F-7C2E00CCA016}.Debug|Any CPU.Build.0 = Debug|Any CPU
		{21AC599E-E3D5-4181-AA0F-7C2E00CCA016}.Release|Any CPU.ActiveCfg = Release|Any CPU
		{21AC599E-E3D5-4181-AA0F-7C2E00CCA016}.Release|Any CPU.Build.0 = Release|Any CPU
	EndGlobalSection
	GlobalSection(SolutionProperties) = preSolution
		HideSolutionNode = FALSE
	EndGlobalSection
	GlobalSection(ExtensibilityGlobals) = postSolution
		SolutionGuid = {C319F29D-80F2-425C-8E36-7CA21404D13C}
	EndGlobalSection
EndGlobal
