
Microsoft Visual Studio Solution File, Format Version 12.00
# Visual Studio Version 16
VisualStudioVersion = 16.0.30611.23
MinimumVisualStudioVersion = 10.0.40219.1
Project("{FAE04EC0-301F-11D3-BF4B-00C04F79EFBC}") = "AutoUpdater", "AutoUpdater\AutoUpdater.csproj", "{EED7BA2C-D3BF-4F59-86B7-87209F484C6D}"
EndProject
Global
	GlobalSection(SolutionConfigurationPlatforms) = preSolution
		Debug|Any CPU = Debug|Any CPU
		Release|Any CPU = Release|Any CPU
	EndGlobalSection
	GlobalSection(ProjectConfigurationPlatforms) = postSolution
		{EED7BA2C-D3BF-4F59-86B7-87209F484C6D}.Debug|Any CPU.ActiveCfg = Debug|Any CPU
		{EED7BA2C-D3BF-4F59-86B7-87209F484C6D}.Debug|Any CPU.Build.0 = Debug|Any CPU
		{EED7BA2C-D3BF-4F59-86B7-87209F484C6D}.Release|Any CPU.ActiveCfg = Release|Any CPU
		{EED7BA2C-D3BF-4F59-86B7-87209F484C6D}.Release|Any CPU.Build.0 = Release|Any CPU
	EndGlobalSection
	GlobalSection(SolutionProperties) = preSolution
		HideSolutionNode = FALSE
	EndGlobalSection
	GlobalSection(ExtensibilityGlobals) = postSolution
		SolutionGuid = {65CCA051-570C-45F2-BB73-FDBD56FD2DCE}
	EndGlobalSection
EndGlobal
